{
  "name": "rubric-items",
  "version": "1.0.0",
  "lockfileVersion": 1,
  "requires": true,
  "dependencies": {
    "@types/google-apps-script": {
      "version": "1.0.27",
      "resolved": "https://registry.npmjs.org/@types/google-apps-script/-/google-apps-script-1.0.27.tgz",
      "integrity": "sha512-b8+k3ajAK1j7su0eXsbi0pg5FtyyF8BlCik7jqAnOXhzSNoglYgOmDYdLvl6/NkgLMkpusmfkiVoY0RPRbstHA=="
    },
    "@types/google.script.client-side": {
      "version": "0.1.1",
      "resolved": "https://registry.npmjs.org/@types/google.script.client-side/-/google.script.client-side-0.1.1.tgz",
      "integrity": "sha512-nngMZRiXpKwzFUcIQjhmLiZTHYGMS3mEcg/FlydOnbGKOkc39JCLxykz7AjsR6OL5Vi6But0/TqQt95zn7Bh+g=="
    }
  }
}
